{
  "name": "ch-task",
  "version": "1.0.0",
  "lockfileVersion": 3,
  "requires": true,
  "packages": {
    "": {
      "name": "ch-task",
      "version": "1.0.0",
      "license": "ISC",
      "dependencies": {
        "@clickhouse/client": "^1.18.3"
      }
    },
    "node_modules/@clickhouse/client": {
      "version": "1.18.3",
      "resolved": "https://registry.npmjs.org/@clickhouse/client/-/client-1.18.3.tgz",
      "integrity": "sha512-340ngdYktL8PLUBK2QKSwe0o02tYfZSz1mSn1uXCEU8TxHvwh9pnQxElf9YHumDGj5gX/IdgxPsJTGMs82Hgug==",
      "license": "Apache-2.0",
      "dependencies": {
        "@clickhouse/client-common": "1.18.3"
      },
      "engines": {
        "node": ">=16"
      }
    },
    "node_modules/@clickhouse/client-common": {
      "version": "1.18.3",
      "resolved": "https://registry.npmjs.org/@clickhouse/client-common/-/client-common-1.18.3.tgz",
      "integrity": "sha512-3axzO3zvrsGT5PzDenxgWscltYCNRDbhaHWUgdsmcM9OnW/VnZn9EarOcZogr9P82Z0mQh+Jd2x+p2K4TFD2fA==",
      "license": "Apache-2.0"
    }
  }
}
